
Microsoft Visual Studio Solution File, Format Version 12.00
# Visual Studio 2013
VisualStudioVersion = 12.0.40629.0
MinimumVisualStudioVersion = 10.0.40219.1
Project("{2150E333-8FDC-42A3-9474-1A3956D46DE8}") = "1_Domain", "1_Domain", "{A3BE402A-FB62-4831-9929-2283FA0B7AC1}"
EndProject
Project("{FAE04EC0-301F-11D3-BF4B-00C04F79EFBC}") = "WebForLink.Domain.Tests", "0_Domain\WebForLink.Domain.Tests\WebForLink.Domain.Tests.csproj", "{D8490DA2-68DA-441D-A09B-AE6EA12FE1B6}"
EndProject
Project("{FAE04EC0-301F-11D3-BF4B-00C04F79EFBC}") = "WebForLink.Domain", "0_Domain\WebForLink.Domain\WebForLink.Domain.csproj", "{BE8B457C-FA9D-4804-916E-2679FDE0A503}"
EndProject
Project("{2150E333-8FDC-42A3-9474-1A3956D46DE8}") = "5_CrossCutting", "5_CrossCutting", "{85C3A7F6-676F-4FE9-8485-56A127AB9C2A}"
EndProject
Project("{2150E333-8FDC-42A3-9474-1A3956D46DE8}") = "0_Presentation", "0_Presentation", "{932815E3-5529-466A-A6A5-4F462438ED60}"
EndProject
Project("{FAE04EC0-301F-11D3-BF4B-00C04F79EFBC}") = "WebForLink.Win", "1_Presentation\WebForLink.Win\WebForLink.Win.csproj", "{7591667F-48D4-41FE-8D28-160BA7F13153}"
EndProject
Project("{FAE04EC0-301F-11D3-BF4B-00C04F79EFBC}") = "WebForLink.Web", "1_Presentation\WebForLink.Web\WebForLink.Web.csproj", "{29EC06BA-775E-4F28-9173-3E557F67395B}"
EndProject
Project("{FAE04EC0-301F-11D3-BF4B-00C04F79EFBC}") = "WebForLink.Identity", "5_CrossCutting\WebForLink.Identity\WebForLink.Identity.csproj", "{D867A093-B694-4407-900C-D7229FB0CBA2}"
EndProject
Global
	GlobalSection(SolutionConfigurationPlatforms) = preSolution
		Debug|Any CPU = Debug|Any CPU
		Release|Any CPU = Release|Any CPU
	EndGlobalSection
	GlobalSection(ProjectConfigurationPlatforms) = postSolution
		{D8490DA2-68DA-441D-A09B-AE6EA12FE1B6}.Debug|Any CPU.ActiveCfg = Debug|Any CPU
		{D8490DA2-68DA-441D-A09B-AE6EA12FE1B6}.Debug|Any CPU.Build.0 = Debug|Any CPU
		{D8490DA2-68DA-441D-A09B-AE6EA12FE1B6}.Release|Any CPU.ActiveCfg = Release|Any CPU
		{D8490DA2-68DA-441D-A09B-AE6EA12FE1B6}.Release|Any CPU.Build.0 = Release|Any CPU
		{BE8B457C-FA9D-4804-916E-2679FDE0A503}.Debug|Any CPU.ActiveCfg = Debug|Any CPU
		{BE8B457C-FA9D-4804-916E-2679FDE0A503}.Debug|Any CPU.Build.0 = Debug|Any CPU
		{BE8B457C-FA9D-4804-916E-2679FDE0A503}.Release|Any CPU.ActiveCfg = Release|Any CPU
		{BE8B457C-FA9D-4804-916E-2679FDE0A503}.Release|Any CPU.Build.0 = Release|Any CPU
		{7591667F-48D4-41FE-8D28-160BA7F13153}.Debug|Any CPU.ActiveCfg = Debug|Any CPU
		{7591667F-48D4-41FE-8D28-160BA7F13153}.Debug|Any CPU.Build.0 = Debug|Any CPU
		{7591667F-48D4-41FE-8D28-160BA7F13153}.Release|Any CPU.ActiveCfg = Release|Any CPU
		{7591667F-48D4-41FE-8D28-160BA7F13153}.Release|Any CPU.Build.0 = Release|Any CPU
		{29EC06BA-775E-4F28-9173-3E557F67395B}.Debug|Any CPU.ActiveCfg = Debug|Any CPU
		{29EC06BA-775E-4F28-9173-3E557F67395B}.Debug|Any CPU.Build.0 = Debug|Any CPU
		{29EC06BA-775E-4F28-9173-3E557F67395B}.Release|Any CPU.ActiveCfg = Release|Any CPU
		{29EC06BA-775E-4F28-9173-3E557F67395B}.Release|Any CPU.Build.0 = Release|Any CPU
		{D867A093-B694-4407-900C-D7229FB0CBA2}.Debug|Any CPU.ActiveCfg = Debug|Any CPU
		{D867A093-B694-4407-900C-D7229FB0CBA2}.Debug|Any CPU.Build.0 = Debug|Any CPU
		{D867A093-B694-4407-900C-D7229FB0CBA2}.Release|Any CPU.ActiveCfg = Release|Any CPU
		{D867A093-B694-4407-900C-D7229FB0CBA2}.Release|Any CPU.Build.0 = Release|Any CPU
	EndGlobalSection
	GlobalSection(SolutionProperties) = preSolution
		HideSolutionNode = FALSE
	EndGlobalSection
	GlobalSection(NestedProjects) = preSolution
		{D8490DA2-68DA-441D-A09B-AE6EA12FE1B6} = {A3BE402A-FB62-4831-9929-2283FA0B7AC1}
		{BE8B457C-FA9D-4804-916E-2679FDE0A503} = {A3BE402A-FB62-4831-9929-2283FA0B7AC1}
		{7591667F-48D4-41FE-8D28-160BA7F13153} = {932815E3-5529-466A-A6A5-4F462438ED60}
		{29EC06BA-775E-4F28-9173-3E557F67395B} = {932815E3-5529-466A-A6A5-4F462438ED60}
		{D867A093-B694-4407-900C-D7229FB0CBA2} = {85C3A7F6-676F-4FE9-8485-56A127AB9C2A}
	EndGlobalSection
EndGlobal
